
Microsoft Visual Studio Solution File, Format Version 12.00
# Visual Studio Version 16
VisualStudioVersion = 16.0.31829.152
MinimumVisualStudioVersion = 10.0.40219.1
Project("{2150E333-8FDC-42A3-9474-1A3956D46DE8}") = "Foundation", "Foundation", "{CFC97835-0129-4D3B-A413-6C0A94BD5435}"
EndProject
Project("{FAE04EC0-301F-11D3-BF4B-00C04F79EFBC}") = "SitecoreModules.Foundation.Forms", "SitecoreModules.Foundation.Forms\SitecoreModules.Foundation.Forms.csproj", "{065FC021-8C4A-46CD-9C09-03936E133B7E}"
EndProject
Project("{CAA73BB0-EF22-4D79-A57E-DF67B3BA9C80}") = "SitecoreModules.Foundation.Forms.TDS.Core", "SitecoreModules.Foundation.Forms.TDS.Core\SitecoreModules.Foundation.Forms.TDS.Core.scproj", "{4A186DB9-611C-4A67-9B96-70EDF68A2E92}"
EndProject
Project("{2150E333-8FDC-42A3-9474-1A3956D46DE8}") = "_TDS", "_TDS", "{EEFC50FD-D2FF-4038-8F12-92B892AB0174}"
	ProjectSection(SolutionItems) = preProject
		TdsGlobal.config = TdsGlobal.config
	EndProjectSection
EndProject
Project("{CAA73BB0-EF22-4D79-A57E-DF67B3BA9C80}") = "SitecoreModules.Foundation.Forms.TDS", "SitecoreModules.Foundation.Forms.TDS\SitecoreModules.Foundation.Forms.TDS.scproj", "{960D88B6-931A-42D8-B51D-C2DA81088435}"
EndProject
Global
	GlobalSection(SolutionConfigurationPlatforms) = preSolution
		Debug|Any CPU = Debug|Any CPU
		Release|Any CPU = Release|Any CPU
	EndGlobalSection
	GlobalSection(ProjectConfigurationPlatforms) = postSolution
		{065FC021-8C4A-46CD-9C09-03936E133B7E}.Debug|Any CPU.ActiveCfg = Debug|Any CPU
		{065FC021-8C4A-46CD-9C09-03936E133B7E}.Debug|Any CPU.Build.0 = Debug|Any CPU
		{065FC021-8C4A-46CD-9C09-03936E133B7E}.Release|Any CPU.ActiveCfg = Release|Any CPU
		{065FC021-8C4A-46CD-9C09-03936E133B7E}.Release|Any CPU.Build.0 = Release|Any CPU
		{4A186DB9-611C-4A67-9B96-70EDF68A2E92}.Debug|Any CPU.ActiveCfg = Debug|Any CPU
		{4A186DB9-611C-4A67-9B96-70EDF68A2E92}.Debug|Any CPU.Build.0 = Debug|Any CPU
		{4A186DB9-611C-4A67-9B96-70EDF68A2E92}.Debug|Any CPU.Deploy.0 = Debug|Any CPU
		{4A186DB9-611C-4A67-9B96-70EDF68A2E92}.Release|Any CPU.ActiveCfg = Release|Any CPU
		{4A186DB9-611C-4A67-9B96-70EDF68A2E92}.Release|Any CPU.Build.0 = Release|Any CPU
		{4A186DB9-611C-4A67-9B96-70EDF68A2E92}.Release|Any CPU.Deploy.0 = Release|Any CPU
		{960D88B6-931A-42D8-B51D-C2DA81088435}.Debug|Any CPU.ActiveCfg = Debug|Any CPU
		{960D88B6-931A-42D8-B51D-C2DA81088435}.Debug|Any CPU.Build.0 = Debug|Any CPU
		{960D88B6-931A-42D8-B51D-C2DA81088435}.Debug|Any CPU.Deploy.0 = Debug|Any CPU
		{960D88B6-931A-42D8-B51D-C2DA81088435}.Release|Any CPU.ActiveCfg = Release|Any CPU
		{960D88B6-931A-42D8-B51D-C2DA81088435}.Release|Any CPU.Build.0 = Release|Any CPU
		{960D88B6-931A-42D8-B51D-C2DA81088435}.Release|Any CPU.Deploy.0 = Release|Any CPU
	EndGlobalSection
	GlobalSection(SolutionProperties) = preSolution
		HideSolutionNode = FALSE
	EndGlobalSection
	GlobalSection(NestedProjects) = preSolution
		{065FC021-8C4A-46CD-9C09-03936E133B7E} = {CFC97835-0129-4D3B-A413-6C0A94BD5435}
		{4A186DB9-611C-4A67-9B96-70EDF68A2E92} = {CFC97835-0129-4D3B-A413-6C0A94BD5435}
		{960D88B6-931A-42D8-B51D-C2DA81088435} = {CFC97835-0129-4D3B-A413-6C0A94BD5435}
	EndGlobalSection
	GlobalSection(ExtensibilityGlobals) = postSolution
		EnterpriseLibraryConfigurationToolBinariesPathV6 = packages\EnterpriseLibrary.Common.6.0.1304.0\lib\NET45;packages\EnterpriseLibrary.TransientFaultHandling.6.0.1304.0\lib\portable-net45+win+wp8;packages\EnterpriseLibrary.TransientFaultHandling.Caching.6.0.1304.0\lib\NET45;packages\EnterpriseLibrary.TransientFaultHandling.Data.6.0.1304.1\lib\NET45;packages\EnterpriseLibrary.TransientFaultHandling.ServiceBus.6.0.1304.0\lib\NET45;packages\EnterpriseLibrary.TransientFaultHandling.WindowsAzure.Storage.6.0.1304.0\lib\NET45;packages\EnterpriseLibrary.TransientFaultHandling.Configuration.6.0.1304.0\lib\NET45
		SolutionGuid = {B79E43F3-5A80-4534-B793-1AE97FE92A67}
	EndGlobalSection
EndGlobal
